
Microsoft Visual Studio Solution File, Format Version 12.00
# Visual Studio Version 17
VisualStudioVersion = 17.1.32228.430
MinimumVisualStudioVersion = 10.0.40219.1
Project("{54A90642-561A-4BB1-A94E-469ADEE60C69}") = "AngularAspNetCore6", "AngularAspNetDemo2\AngularAspNetCore6.esproj", "{BD3853BE-5637-4B29-AB61-2444E6291540}"
EndProject
Project("{9A19103F-16F7-4668-BE54-9A1E7A4F7556}") = "APIAspNetCoreBackEnd", "AngularAspNetCoreBackEnd\APIAspNetCoreBackEnd.csproj", "{AED9CB73-A489-471D-BD23-B4C9E30A6877}"
EndProject
Project("{2150E333-8FDC-42A3-9474-1A3956D46DE8}") = "API", "API", "{F65D52C8-F81F-40E2-9C7A-13DD229EBBD5}"
EndProject
Project("{2150E333-8FDC-42A3-9474-1A3956D46DE8}") = "Angular", "Angular", "{91DFD7C3-CC57-4F70-BDB7-105E97558F2D}"
EndProject
Project("{2150E333-8FDC-42A3-9474-1A3956D46DE8}") = "Wab", "Wab", "{07FAC5CD-D42A-4F1E-8E92-AE8AAEC82EE9}"
EndProject
Project("{2150E333-8FDC-42A3-9474-1A3956D46DE8}") = "Data", "Data", "{FBBBC5D6-30AB-4F87-BD76-3692BE719496}"
EndProject
Project("{9A19103F-16F7-4668-BE54-9A1E7A4F7556}") = "API.Data", "API.Data\API.Data.csproj", "{4E3E9B97-43E1-4FBD-B01E-49EAF9F3262B}"
EndProject
Project("{9A19103F-16F7-4668-BE54-9A1E7A4F7556}") = "API.Common", "API.Common\API.Common.csproj", "{3F0D4556-9064-4153-958E-0DC1062C0DCF}"
EndProject
Project("{9A19103F-16F7-4668-BE54-9A1E7A4F7556}") = "API.Data.Common", "API.Data.Common\API.Data.Common.csproj", "{91F41B12-87A5-4DC4-AD97-5975F4408942}"
EndProject
Project("{9A19103F-16F7-4668-BE54-9A1E7A4F7556}") = "API.Data.Models", "API.Data.Models\API.Data.Models.csproj", "{F0FDF075-8C92-4387-BAFF-793ED658DDFB}"
EndProject
Project("{2150E333-8FDC-42A3-9474-1A3956D46DE8}") = "Services", "Services", "{61DF7F35-FF27-4CF1-ABC5-55D68FFA2527}"
EndProject
Project("{9A19103F-16F7-4668-BE54-9A1E7A4F7556}") = "API.Services.Data", "API.Services.Data\API.Services.Data.csproj", "{895C050D-67D0-4210-A91A-F78773C1825E}"
EndProject
Project("{9A19103F-16F7-4668-BE54-9A1E7A4F7556}") = "API.Services.Mapping", "Api.Services.Mapping\API.Services.Mapping.csproj", "{0C4A3F1F-FAFA-4E94-A3B7-47B579D944F6}"
EndProject
Project("{9A19103F-16F7-4668-BE54-9A1E7A4F7556}") = "API.Services.Messaging", "API.Services.Messaging\API.Services.Messaging.csproj", "{BED17EB3-4749-481F-92BE-2B8094774536}"
EndProject
Project("{9A19103F-16F7-4668-BE54-9A1E7A4F7556}") = "API.Web.ViewModel", "API.Web.ViewModel\API.Web.ViewModel.csproj", "{93B9EA1F-082E-40FA-97F6-6F494DC1AC3B}"
EndProject
Global
	GlobalSection(SolutionConfigurationPlatforms) = preSolution
		Debug|Any CPU = Debug|Any CPU
		Release|Any CPU = Release|Any CPU
	EndGlobalSection
	GlobalSection(ProjectConfigurationPlatforms) = postSolution
		{BD3853BE-5637-4B29-AB61-2444E6291540}.Debug|Any CPU.ActiveCfg = Debug|Any CPU
		{BD3853BE-5637-4B29-AB61-2444E6291540}.Debug|Any CPU.Build.0 = Debug|Any CPU
		{BD3853BE-5637-4B29-AB61-2444E6291540}.Debug|Any CPU.Deploy.0 = Debug|Any CPU
		{BD3853BE-5637-4B29-AB61-2444E6291540}.Release|Any CPU.ActiveCfg = Release|Any CPU
		{BD3853BE-5637-4B29-AB61-2444E6291540}.Release|Any CPU.Build.0 = Release|Any CPU
		{BD3853BE-5637-4B29-AB61-2444E6291540}.Release|Any CPU.Deploy.0 = Release|Any CPU
		{AED9CB73-A489-471D-BD23-B4C9E30A6877}.Debug|Any CPU.ActiveCfg = Debug|Any CPU
		{AED9CB73-A489-471D-BD23-B4C9E30A6877}.Debug|Any CPU.Build.0 = Debug|Any CPU
		{AED9CB73-A489-471D-BD23-B4C9E30A6877}.Release|Any CPU.ActiveCfg = Release|Any CPU
		{AED9CB73-A489-471D-BD23-B4C9E30A6877}.Release|Any CPU.Build.0 = Release|Any CPU
		{4E3E9B97-43E1-4FBD-B01E-49EAF9F3262B}.Debug|Any CPU.ActiveCfg = Debug|Any CPU
		{4E3E9B97-43E1-4FBD-B01E-49EAF9F3262B}.Debug|Any CPU.Build.0 = Debug|Any CPU
		{4E3E9B97-43E1-4FBD-B01E-49EAF9F3262B}.Release|Any CPU.ActiveCfg = Release|Any CPU
		{4E3E9B97-43E1-4FBD-B01E-49EAF9F3262B}.Release|Any CPU.Build.0 = Release|Any CPU
		{3F0D4556-9064-4153-958E-0DC1062C0DCF}.Debug|Any CPU.ActiveCfg = Debug|Any CPU
		{3F0D4556-9064-4153-958E-0DC1062C0DCF}.Debug|Any CPU.Build.0 = Debug|Any CPU
		{3F0D4556-9064-4153-958E-0DC1062C0DCF}.Release|Any CPU.ActiveCfg = Release|Any CPU
		{3F0D4556-9064-4153-958E-0DC1062C0DCF}.Release|Any CPU.Build.0 = Release|Any CPU
		{91F41B12-87A5-4DC4-AD97-5975F4408942}.Debug|Any CPU.ActiveCfg = Debug|Any CPU
		{91F41B12-87A5-4DC4-AD97-5975F4408942}.Debug|Any CPU.Build.0 = Debug|Any CPU
		{91F41B12-87A5-4DC4-AD97-5975F4408942}.Release|Any CPU.ActiveCfg = Release|Any CPU
		{91F41B12-87A5-4DC4-AD97-5975F4408942}.Release|Any CPU.Build.0 = Release|Any CPU
		{F0FDF075-8C92-4387-BAFF-793ED658DDFB}.Debug|Any CPU.ActiveCfg = Debug|Any CPU
		{F0FDF075-8C92-4387-BAFF-793ED658DDFB}.Debug|Any CPU.Build.0 = Debug|Any CPU
		{F0FDF075-8C92-4387-BAFF-793ED658DDFB}.Release|Any CPU.ActiveCfg = Release|Any CPU
		{F0FDF075-8C92-4387-BAFF-793ED658DDFB}.Release|Any CPU.Build.0 = Release|Any CPU
		{895C050D-67D0-4210-A91A-F78773C1825E}.Debug|Any CPU.ActiveCfg = Debug|Any CPU
		{895C050D-67D0-4210-A91A-F78773C1825E}.Debug|Any CPU.Build.0 = Debug|Any CPU
		{895C050D-67D0-4210-A91A-F78773C1825E}.Release|Any CPU.ActiveCfg = Release|Any CPU
		{895C050D-67D0-4210-A91A-F78773C1825E}.Release|Any CPU.Build.0 = Release|Any CPU
		{0C4A3F1F-FAFA-4E94-A3B7-47B579D944F6}.Debug|Any CPU.ActiveCfg = Debug|Any CPU
		{0C4A3F1F-FAFA-4E94-A3B7-47B579D944F6}.Debug|Any CPU.Build.0 = Debug|Any CPU
		{0C4A3F1F-FAFA-4E94-A3B7-47B579D944F6}.Release|Any CPU.ActiveCfg = Release|Any CPU
		{0C4A3F1F-FAFA-4E94-A3B7-47B579D944F6}.Release|Any CPU.Build.0 = Release|Any CPU
		{BED17EB3-4749-481F-92BE-2B8094774536}.Debug|Any CPU.ActiveCfg = Debug|Any CPU
		{BED17EB3-4749-481F-92BE-2B8094774536}.Debug|Any CPU.Build.0 = Debug|Any CPU
		{BED17EB3-4749-481F-92BE-2B8094774536}.Release|Any CPU.ActiveCfg = Release|Any CPU
		{BED17EB3-4749-481F-92BE-2B8094774536}.Release|Any CPU.Build.0 = Release|Any CPU
		{93B9EA1F-082E-40FA-97F6-6F494DC1AC3B}.Debug|Any CPU.ActiveCfg = Debug|Any CPU
		{93B9EA1F-082E-40FA-97F6-6F494DC1AC3B}.Debug|Any CPU.Build.0 = Debug|Any CPU
		{93B9EA1F-082E-40FA-97F6-6F494DC1AC3B}.Release|Any CPU.ActiveCfg = Release|Any CPU
		{93B9EA1F-082E-40FA-97F6-6F494DC1AC3B}.Release|Any CPU.Build.0 = Release|Any CPU
	EndGlobalSection
	GlobalSection(SolutionProperties) = preSolution
		HideSolutionNode = FALSE
	EndGlobalSection
	GlobalSection(NestedProjects) = preSolution
		{BD3853BE-5637-4B29-AB61-2444E6291540} = {91DFD7C3-CC57-4F70-BDB7-105E97558F2D}
		{AED9CB73-A489-471D-BD23-B4C9E30A6877} = {07FAC5CD-D42A-4F1E-8E92-AE8AAEC82EE9}
		{07FAC5CD-D42A-4F1E-8E92-AE8AAEC82EE9} = {F65D52C8-F81F-40E2-9C7A-13DD229EBBD5}
		{FBBBC5D6-30AB-4F87-BD76-3692BE719496} = {F65D52C8-F81F-40E2-9C7A-13DD229EBBD5}
		{4E3E9B97-43E1-4FBD-B01E-49EAF9F3262B} = {FBBBC5D6-30AB-4F87-BD76-3692BE719496}
		{3F0D4556-9064-4153-958E-0DC1062C0DCF} = {F65D52C8-F81F-40E2-9C7A-13DD229EBBD5}
		{91F41B12-87A5-4DC4-AD97-5975F4408942} = {FBBBC5D6-30AB-4F87-BD76-3692BE719496}
		{F0FDF075-8C92-4387-BAFF-793ED658DDFB} = {FBBBC5D6-30AB-4F87-BD76-3692BE719496}
		{61DF7F35-FF27-4CF1-ABC5-55D68FFA2527} = {F65D52C8-F81F-40E2-9C7A-13DD229EBBD5}
		{895C050D-67D0-4210-A91A-F78773C1825E} = {61DF7F35-FF27-4CF1-ABC5-55D68FFA2527}
		{0C4A3F1F-FAFA-4E94-A3B7-47B579D944F6} = {61DF7F35-FF27-4CF1-ABC5-55D68FFA2527}
		{BED17EB3-4749-481F-92BE-2B8094774536} = {61DF7F35-FF27-4CF1-ABC5-55D68FFA2527}
		{93B9EA1F-082E-40FA-97F6-6F494DC1AC3B} = {07FAC5CD-D42A-4F1E-8E92-AE8AAEC82EE9}
	EndGlobalSection
	GlobalSection(ExtensibilityGlobals) = postSolution
		SolutionGuid = {49A5A747-6FC4-4AF8-9E22-BC8933715466}
	EndGlobalSection
EndGlobal
